
Microsoft Visual Studio Solution File, Format Version 12.00
# Visual Studio Version 17
VisualStudioVersion = 17.0.31903.59
MinimumVisualStudioVersion = 10.0.40219.1
Project("{2150E333-8FDC-42A3-9474-1A3956D46DE8}") = "src", "src", "{827E0CD3-B72D-47B6-A68D-7590B98EB39B}"
EndProject
Project("{FAE04EC0-301F-11D3-BF4B-00C04F79EFBC}") = "SpieRibbon", "src\SpieRibbon\SpieRibbon.csproj", "{EF4332E8-890D-4F1B-97E7-7496CB0F0ADF}"
EndProject
Project("{FAE04EC0-301F-11D3-BF4B-00C04F79EFBC}") = "SpieRibbon.Contracts", "src\SpieRibbon.Contracts\SpieRibbon.Contracts.csproj", "{3C10B51C-B56D-4C5C-AF31-CA135DB2862D}"
EndProject
Project("{FAE04EC0-301F-11D3-BF4B-00C04F79EFBC}") = "SpieRibbon.Algemeen", "src\SpieRibbon.Algemeen\SpieRibbon.Algemeen.csproj", "{AE404FAA-10D1-4F3A-A6FD-048D0CA48124}"
EndProject
Project("{FAE04EC0-301F-11D3-BF4B-00C04F79EFBC}") = "SpieRibbon.Civil", "src\SpieRibbon.Civil\SpieRibbon.Civil.csproj", "{E4BE9FB4-B86A-42A5-9FDD-4915CDF06A80}"
EndProject
Project("{FAE04EC0-301F-11D3-BF4B-00C04F79EFBC}") = "SpieRibbon.EnI", "src\SpieRibbon.EnI\SpieRibbon.EnI.csproj", "{D6F6803E-25BA-4223-B732-1DDF2E30C77C}"
EndProject
Project("{FAE04EC0-301F-11D3-BF4B-00C04F79EFBC}") = "SpieRibbon.Hvac", "src\SpieRibbon.Hvac\SpieRibbon.Hvac.csproj", "{0A6C7948-8849-4D5D-9F8F-A819908F7B54}"
EndProject
Project("{FAE04EC0-301F-11D3-BF4B-00C04F79EFBC}") = "SpieRibbon.BimManagement", "src\SpieRibbon.BimManagement\SpieRibbon.BimManagement.csproj", "{2C9AC6A7-575D-40F3-BDF6-92C5BDEAFE62}"
EndProject
Global
	GlobalSection(SolutionConfigurationPlatforms) = preSolution
		Debug R24|Any CPU = Debug R24|Any CPU
		Debug R25|Any CPU = Debug R25|Any CPU
		Debug R26|Any CPU = Debug R26|Any CPU
		Release R24|Any CPU = Release R24|Any CPU
		Release R25|Any CPU = Release R25|Any CPU
		Release R26|Any CPU = Release R26|Any CPU
	EndGlobalSection
	GlobalSection(ProjectConfigurationPlatforms) = postSolution
		{EF4332E8-890D-4F1B-97E7-7496CB0F0ADF}.Debug R24|Any CPU.ActiveCfg = Debug R24|Any CPU
		{EF4332E8-890D-4F1B-97E7-7496CB0F0ADF}.Debug R24|Any CPU.Build.0 = Debug R24|Any CPU
		{EF4332E8-890D-4F1B-97E7-7496CB0F0ADF}.Debug R25|Any CPU.ActiveCfg = Debug R25|Any CPU
		{EF4332E8-890D-4F1B-97E7-7496CB0F0ADF}.Debug R25|Any CPU.Build.0 = Debug R25|Any CPU
		{EF4332E8-890D-4F1B-97E7-7496CB0F0ADF}.Debug R26|Any CPU.ActiveCfg = Debug R26|Any CPU
		{EF4332E8-890D-4F1B-97E7-7496CB0F0ADF}.Debug R26|Any CPU.Build.0 = Debug R26|Any CPU
		{EF4332E8-890D-4F1B-97E7-7496CB0F0ADF}.Release R24|Any CPU.ActiveCfg = Release R24|Any CPU
		{EF4332E8-890D-4F1B-97E7-7496CB0F0ADF}.Release R24|Any CPU.Build.0 = Release R24|Any CPU
		{EF4332E8-890D-4F1B-97E7-7496CB0F0ADF}.Release R25|Any CPU.ActiveCfg = Release R25|Any CPU
		{EF4332E8-890D-4F1B-97E7-7496CB0F0ADF}.Release R25|Any CPU.Build.0 = Release R25|Any CPU
		{EF4332E8-890D-4F1B-97E7-7496CB0F0ADF}.Release R26|Any CPU.ActiveCfg = Release R26|Any CPU
		{EF4332E8-890D-4F1B-97E7-7496CB0F0ADF}.Release R26|Any CPU.Build.0 = Release R26|Any CPU
		{3C10B51C-B56D-4C5C-AF31-CA135DB2862D}.Debug R24|Any CPU.ActiveCfg = Debug R24|Any CPU
		{3C10B51C-B56D-4C5C-AF31-CA135DB2862D}.Debug R24|Any CPU.Build.0 = Debug R24|Any CPU
		{3C10B51C-B56D-4C5C-AF31-CA135DB2862D}.Debug R25|Any CPU.ActiveCfg = Debug R25|Any CPU
		{3C10B51C-B56D-4C5C-AF31-CA135DB2862D}.Debug R25|Any CPU.Build.0 = Debug R25|Any CPU
		{3C10B51C-B56D-4C5C-AF31-CA135DB2862D}.Debug R26|Any CPU.ActiveCfg = Debug R26|Any CPU
		{3C10B51C-B56D-4C5C-AF31-CA135DB2862D}.Debug R26|Any CPU.Build.0 = Debug R26|Any CPU
		{3C10B51C-B56D-4C5C-AF31-CA135DB2862D}.Release R24|Any CPU.ActiveCfg = Release R24|Any CPU
		{3C10B51C-B56D-4C5C-AF31-CA135DB2862D}.Release R24|Any CPU.Build.0 = Release R24|Any CPU
		{3C10B51C-B56D-4C5C-AF31-CA135DB2862D}.Release R25|Any CPU.ActiveCfg = Release R25|Any CPU
		{3C10B51C-B56D-4C5C-AF31-CA135DB2862D}.Release R25|Any CPU.Build.0 = Release R25|Any CPU
		{3C10B51C-B56D-4C5C-AF31-CA135DB2862D}.Release R26|Any CPU.ActiveCfg = Release R26|Any CPU
		{3C10B51C-B56D-4C5C-AF31-CA135DB2862D}.Release R26|Any CPU.Build.0 = Release R26|Any CPU
		{AE404FAA-10D1-4F3A-A6FD-048D0CA48124}.Debug R24|Any CPU.ActiveCfg = Debug R24|Any CPU
		{AE404FAA-10D1-4F3A-A6FD-048D0CA48124}.Debug R24|Any CPU.Build.0 = Debug R24|Any CPU
		{AE404FAA-10D1-4F3A-A6FD-048D0CA48124}.Debug R25|Any CPU.ActiveCfg = Debug R25|Any CPU
		{AE404FAA-10D1-4F3A-A6FD-048D0CA48124}.Debug R25|Any CPU.Build.0 = Debug R25|Any CPU
		{AE404FAA-10D1-4F3A-A6FD-048D0CA48124}.Debug R26|Any CPU.ActiveCfg = Debug R26|Any CPU
		{AE404FAA-10D1-4F3A-A6FD-048D0CA48124}.Debug R26|Any CPU.Build.0 = Debug R26|Any CPU
		{AE404FAA-10D1-4F3A-A6FD-048D0CA48124}.Release R24|Any CPU.ActiveCfg = Release R24|Any CPU
		{AE404FAA-10D1-4F3A-A6FD-048D0CA48124}.Release R24|Any CPU.Build.0 = Release R24|Any CPU
		{AE404FAA-10D1-4F3A-A6FD-048D0CA48124}.Release R25|Any CPU.ActiveCfg = Release R25|Any CPU
		{AE404FAA-10D1-4F3A-A6FD-048D0CA48124}.Release R25|Any CPU.Build.0 = Release R25|Any CPU
		{AE404FAA-10D1-4F3A-A6FD-048D0CA48124}.Release R26|Any CPU.ActiveCfg = Release R26|Any CPU
		{AE404FAA-10D1-4F3A-A6FD-048D0CA48124}.Release R26|Any CPU.Build.0 = Release R26|Any CPU
		{E4BE9FB4-B86A-42A5-9FDD-4915CDF06A80}.Debug R24|Any CPU.ActiveCfg = Debug R24|Any CPU
		{E4BE9FB4-B86A-42A5-9FDD-4915CDF06A80}.Debug R24|Any CPU.Build.0 = Debug R24|Any CPU
		{E4BE9FB4-B86A-42A5-9FDD-4915CDF06A80}.Debug R25|Any CPU.ActiveCfg = Debug R25|Any CPU
		{E4BE9FB4-B86A-42A5-9FDD-4915CDF06A80}.Debug R25|Any CPU.Build.0 = Debug R25|Any CPU
		{E4BE9FB4-B86A-42A5-9FDD-4915CDF06A80}.Debug R26|Any CPU.ActiveCfg = Debug R26|Any CPU
		{E4BE9FB4-B86A-42A5-9FDD-4915CDF06A80}.Debug R26|Any CPU.Build.0 = Debug R26|Any CPU
		{E4BE9FB4-B86A-42A5-9FDD-4915CDF06A80}.Release R24|Any CPU.ActiveCfg = Release R24|Any CPU
		{E4BE9FB4-B86A-42A5-9FDD-4915CDF06A80}.Release R24|Any CPU.Build.0 = Release R24|Any CPU
		{E4BE9FB4-B86A-42A5-9FDD-4915CDF06A80}.Release R25|Any CPU.ActiveCfg = Release R25|Any CPU
		{E4BE9FB4-B86A-42A5-9FDD-4915CDF06A80}.Release R25|Any CPU.Build.0 = Release R25|Any CPU
		{E4BE9FB4-B86A-42A5-9FDD-4915CDF06A80}.Release R26|Any CPU.ActiveCfg = Release R26|Any CPU
		{E4BE9FB4-B86A-42A5-9FDD-4915CDF06A80}.Release R26|Any CPU.Build.0 = Release R26|Any CPU
		{D6F6803E-25BA-4223-B732-1DDF2E30C77C}.Debug R24|Any CPU.ActiveCfg = Debug R24|Any CPU
		{D6F6803E-25BA-4223-B732-1DDF2E30C77C}.Debug R24|Any CPU.Build.0 = Debug R24|Any CPU
		{D6F6803E-25BA-4223-B732-1DDF2E30C77C}.Debug R25|Any CPU.ActiveCfg = Debug R25|Any CPU
		{D6F6803E-25BA-4223-B732-1DDF2E30C77C}.Debug R25|Any CPU.Build.0 = Debug R25|Any CPU
		{D6F6803E-25BA-4223-B732-1DDF2E30C77C}.Debug R26|Any CPU.ActiveCfg = Debug R26|Any CPU
		{D6F6803E-25BA-4223-B732-1DDF2E30C77C}.Debug R26|Any CPU.Build.0 = Debug R26|Any CPU
		{D6F6803E-25BA-4223-B732-1DDF2E30C77C}.Release R24|Any CPU.ActiveCfg = Release R24|Any CPU
		{D6F6803E-25BA-4223-B732-1DDF2E30C77C}.Release R24|Any CPU.Build.0 = Release R24|Any CPU
		{D6F6803E-25BA-4223-B732-1DDF2E30C77C}.Release R25|Any CPU.ActiveCfg = Release R25|Any CPU
		{D6F6803E-25BA-4223-B732-1DDF2E30C77C}.Release R25|Any CPU.Build.0 = Release R25|Any CPU
		{D6F6803E-25BA-4223-B732-1DDF2E30C77C}.Release R26|Any CPU.ActiveCfg = Release R26|Any CPU
		{D6F6803E-25BA-4223-B732-1DDF2E30C77C}.Release R26|Any CPU.Build.0 = Release R26|Any CPU
		{0A6C7948-8849-4D5D-9F8F-A819908F7B54}.Debug R24|Any CPU.ActiveCfg = Debug R24|Any CPU
		{0A6C7948-8849-4D5D-9F8F-A819908F7B54}.Debug R24|Any CPU.Build.0 = Debug R24|Any CPU
		{0A6C7948-8849-4D5D-9F8F-A819908F7B54}.Debug R25|Any CPU.ActiveCfg = Debug R25|Any CPU
		{0A6C7948-8849-4D5D-9F8F-A819908F7B54}.Debug R25|Any CPU.Build.0 = Debug R25|Any CPU
		{0A6C7948-8849-4D5D-9F8F-A819908F7B54}.Debug R26|Any CPU.ActiveCfg = Debug R26|Any CPU
		{0A6C7948-8849-4D5D-9F8F-A819908F7B54}.Debug R26|Any CPU.Build.0 = Debug R26|Any CPU
		{0A6C7948-8849-4D5D-9F8F-A819908F7B54}.Release R24|Any CPU.ActiveCfg = Release R24|Any CPU
		{0A6C7948-8849-4D5D-9F8F-A819908F7B54}.Release R24|Any CPU.Build.0 = Release R24|Any CPU
		{0A6C7948-8849-4D5D-9F8F-A819908F7B54}.Release R25|Any CPU.ActiveCfg = Release R25|Any CPU
		{0A6C7948-8849-4D5D-9F8F-A819908F7B54}.Release R25|Any CPU.Build.0 = Release R25|Any CPU
		{0A6C7948-8849-4D5D-9F8F-A819908F7B54}.Release R26|Any CPU.ActiveCfg = Release R26|Any CPU
		{0A6C7948-8849-4D5D-9F8F-A819908F7B54}.Release R26|Any CPU.Build.0 = Release R26|Any CPU
		{2C9AC6A7-575D-40F3-BDF6-92C5BDEAFE62}.Debug R24|Any CPU.ActiveCfg = Debug R24|Any CPU
		{2C9AC6A7-575D-40F3-BDF6-92C5BDEAFE62}.Debug R24|Any CPU.Build.0 = Debug R24|Any CPU
		{2C9AC6A7-575D-40F3-BDF6-92C5BDEAFE62}.Debug R25|Any CPU.ActiveCfg = Debug R25|Any CPU
		{2C9AC6A7-575D-40F3-BDF6-92C5BDEAFE62}.Debug R25|Any CPU.Build.0 = Debug R25|Any CPU
		{2C9AC6A7-575D-40F3-BDF6-92C5BDEAFE62}.Debug R26|Any CPU.ActiveCfg = Debug R26|Any CPU
		{2C9AC6A7-575D-40F3-BDF6-92C5BDEAFE62}.Debug R26|Any CPU.Build.0 = Debug R26|Any CPU
		{2C9AC6A7-575D-40F3-BDF6-92C5BDEAFE62}.Release R24|Any CPU.ActiveCfg = Release R24|Any CPU
		{2C9AC6A7-575D-40F3-BDF6-92C5BDEAFE62}.Release R24|Any CPU.Build.0 = Release R24|Any CPU
		{2C9AC6A7-575D-40F3-BDF6-92C5BDEAFE62}.Release R25|Any CPU.ActiveCfg = Release R25|Any CPU
		{2C9AC6A7-575D-40F3-BDF6-92C5BDEAFE62}.Release R25|Any CPU.Build.0 = Release R25|Any CPU
		{2C9AC6A7-575D-40F3-BDF6-92C5BDEAFE62}.Release R26|Any CPU.ActiveCfg = Release R26|Any CPU
		{2C9AC6A7-575D-40F3-BDF6-92C5BDEAFE62}.Release R26|Any CPU.Build.0 = Release R26|Any CPU
	EndGlobalSection
	GlobalSection(SolutionProperties) = preSolution
		HideSolutionNode = FALSE
	EndGlobalSection
	GlobalSection(NestedProjects) = preSolution
		{EF4332E8-890D-4F1B-97E7-7496CB0F0ADF} = {827E0CD3-B72D-47B6-A68D-7590B98EB39B}
		{3C10B51C-B56D-4C5C-AF31-CA135DB2862D} = {827E0CD3-B72D-47B6-A68D-7590B98EB39B}
		{AE404FAA-10D1-4F3A-A6FD-048D0CA48124} = {827E0CD3-B72D-47B6-A68D-7590B98EB39B}
		{E4BE9FB4-B86A-42A5-9FDD-4915CDF06A80} = {827E0CD3-B72D-47B6-A68D-7590B98EB39B}
		{D6F6803E-25BA-4223-B732-1DDF2E30C77C} = {827E0CD3-B72D-47B6-A68D-7590B98EB39B}
		{0A6C7948-8849-4D5D-9F8F-A819908F7B54} = {827E0CD3-B72D-47B6-A68D-7590B98EB39B}
		{2C9AC6A7-575D-40F3-BDF6-92C5BDEAFE62} = {827E0CD3-B72D-47B6-A68D-7590B98EB39B}
	EndGlobalSection
EndGlobal
